<Solution>
  <Folder Name="/src/">
    <Project Path="src/Rpg.Core/Rpg.Core.csproj" />
    <Project Path="src/Rpg.Sim/Rpg.Sim.csproj" />
    <Project Path="src/Rpg.Client/Rpg.Client.csproj" />
  </Folder>
  <Folder Name="/tests/">
    <Project Path="tests/Rpg.Core.Tests/Rpg.Core.Tests.csproj" />
    <Project Path="tests/Rpg.Sim.Tests/Rpg.Sim.Tests.csproj" />
    <Project Path="tests/Rpg.Client.Tests/Rpg.Client.Tests.csproj" />
  </Folder>
</Solution>
